
Microsoft Visual Studio Solution File, Format Version 12.00
# Visual Studio Version 16
VisualStudioVersion = 16.0.31729.503
MinimumVisualStudioVersion = 10.0.40219.1
Project("{9A19103F-16F7-4668-BE54-9A1E7A4F7556}") = "Basic1", "Basic1\Basic1.csproj", "{0650B0B6-3BCD-4A82-B3DA-5108E4660CD3}"
EndProject
Project("{2150E333-8FDC-42A3-9474-1A3956D46DE8}") = "Solution Items", "Solution Items", "{21AD5281-3034-4B9D-A83B-56D22B919480}"
	ProjectSection(SolutionItems) = preProject
		readme.md = readme.md
	EndProjectSection
EndProject
Global
	GlobalSection(SolutionConfigurationPlatforms) = preSolution
		Debug|Any CPU = Debug|Any CPU
		Release|Any CPU = Release|Any CPU
	EndGlobalSection
	GlobalSection(ProjectConfigurationPlatforms) = postSolution
		{0650B0B6-3BCD-4A82-B3DA-5108E4660CD3}.Debug|Any CPU.ActiveCfg = Debug|Any CPU
		{0650B0B6-3BCD-4A82-B3DA-5108E4660CD3}.Debug|Any CPU.Build.0 = Debug|Any CPU
		{0650B0B6-3BCD-4A82-B3DA-5108E4660CD3}.Release|Any CPU.ActiveCfg = Release|Any CPU
		{0650B0B6-3BCD-4A82-B3DA-5108E4660CD3}.Release|Any CPU.Build.0 = Release|Any CPU
	EndGlobalSection
	GlobalSection(SolutionProperties) = preSolution
		HideSolutionNode = FALSE
	EndGlobalSection
	GlobalSection(ExtensibilityGlobals) = postSolution
		SolutionGuid = {AD084970-7971-4DEC-A6FE-80AD8BA274F4}
	EndGlobalSection
EndGlobal
